dependencies:
- name: mariadb
  repository: oci://registry-1.docker.io/bitnamicharts
  version: 22.0.0
- name: common
  repository: oci://registry-1.docker.io/bitnamicharts
  version: 2.41.0
digest: sha256:ddf4ca97557787c61d567f53abed63befe2ffb599258aa437d09539980b31c3f
generated: "2026-07-09T09:26:16.76753+02:00"
